// !$*UTF8*$!
{
	archiveVersion = 1;
	classes = {
	};
	objectVersion = 46;
	objects = {

/* Begin PBXBuildFile section */
		583990991A49C8DC006E64D3 /* taskModel.swift in Sources */ = {isa = PBXBuildFile; fileRef = 583990981A49C8DC006E64D3 /* taskModel.swift */; };
		5839909B1A49CD61006E64D3 /* TaskDetailViewController.swift in Sources */ = {isa = PBXBuildFile; fileRef = 5839909A1A49CD61006E64D3 /* TaskDetailViewController.swift */; };
		5839909D1A49DD77006E64D3 /* Date.swift in Sources */ = {isa = PBXBuildFile; fileRef = 5839909C1A49DD77006E64D3 /* Date.swift */; };
		58B21A691A447685009F0BD4 /* AppDelegate.swift in Sources */ = {isa = PBXBuildFile; fileRef = 58B21A681A447685009F0BD4 /* AppDelegate.swift */; };
		58B21A6B1A447685009F0BD4 /* ViewController.swift in Sources */ = {isa = PBXBuildFile; fileRef = 58B21A6A1A447685009F0BD4 /* ViewController.swift */; };
		58B21A6E1A447685009F0BD4 /* Main.storyboard in Resources */ = {isa = PBXBuildFile; fileRef = 58B21A6C1A447685009F0BD4 /* Main.storyboard */; };
		58B21A701A447685009F0BD4 /* Images.xcassets in Resources */ = {isa = PBXBuildFile; fileRef = 58B21A6F1A447685009F0BD4 /* Images.xcassets */; };
		58B21A731A447685009F0BD4 /* LaunchScreen.xib in Resources */ = {isa = PBXBuildFile; fileRef = 58B21A711A447685009F0BD4 /* LaunchScreen.xib */; };
		58B21A7F1A447686009F0BD4 /* TaskItTests.swift in Sources */ = {isa = PBXBuildFile; fileRef = 58B21A7E1A447686009F0BD4 /* TaskItTests.swift */; };
		58B21A8B1A448805009F0BD4 /* TaskCell.swift in Sources */ = {isa = PBXBuildFile; fileRef = 58B21A8A1A448805009F0BD4 /* TaskCell.swift */; };
/* End PBXBuildFile section */

/* Begin PBXContainerItemProxy section */
		58B21A791A447685009F0BD4 /* PBXContainerItemProxy */ = {
			isa = PBXContainerItemProxy;
			containerPortal = 58B21A5B1A447685009F0BD4 /* Project object */;
			proxyType = 1;
			remoteGlobalIDString = 58B21A621A447685009F0BD4;
			remoteInfo = TaskIt;
		};
/* End PBXContainerItemProxy section */

/* Begin PBXFileReference section */
		583990981A49C8DC006E64D3 /* taskModel.swift */ = {isa = PBXFileReference; fileEncoding = 4; lastKnownFileType = sourcecode.swift; path = taskModel.swift; sourceTree = "<group>"; };
		5839909A1A49CD61006E64D3 /* TaskDetailViewController.swift */ = {isa = PBXFileReference; fileEncoding = 4; lastKnownFileType = sourcecode.swift; path = TaskDetailViewController.swift; sourceTree = "<group>"; };
		5839909C1A49DD77006E64D3 /* Date.swift */ = {isa = PBXFileReference; fileEncoding = 4; lastKnownFileType = sourcecode.swift; path = Date.swift; sourceTree = "<group>"; };
		58B21A631A447685009F0BD4 /* TaskIt.app */ = {isa = PBXFileReference; explicitFileType = wrapper.application; includeInIndex = 0; path = TaskIt.app; sourceTree = BUILT_PRODUCTS_DIR; };
		58B21A671A447685009F0BD4 /* Info.plist */ = {isa = PBXFileReference; lastKnownFileType = text.plist.xml; path = Info.plist; sourceTree = "<group>"; };
		58B21A681A447685009F0BD4 /* AppDelegate.swift */ = {isa = PBXFileReference; lastKnownFileType = sourcecode.swift; path = AppDelegate.swift; sourceTree = "<group>"; };
		58B21A6A1A447685009F0BD4 /* ViewController.swift */ = {isa = PBXFileReference; lastKnownFileType = sourcecode.swift; path = ViewController.swift; sourceTree = "<group>"; };
		58B21A6D1A447685009F0BD4 /* Base */ = {isa = PBXFileReference; lastKnownFileType = file.storyboard; name = Base; path = Base.lproj/Main.storyboard; sourceTree = "<group>"; };
		58B21A6F1A447685009F0BD4 /* Images.xcassets */ = {isa = PBXFileReference; lastKnownFileType = folder.assetcatalog; path = Images.xcassets; sourceTree = "<group>"; };
		58B21A721A447685009F0BD4 /* Base */ = {isa = PBXFileReference; lastKnownFileType = file.xib; name = Base; path = Base.lproj/LaunchScreen.xib; sourceTree = "<group>"; };
		58B21A781A447685009F0BD4 /* TaskItTests.xctest */ = {isa = PBXFileReference; explicitFileType = wrapper.cfbundle; includeInIndex = 0; path = TaskItTests.xctest; sourceTree = BUILT_PRODUCTS_DIR; };
		58B21A7D1A447686009F0BD4 /* Info.plist */ = {isa = PBXFileReference; lastKnownFileType = text.plist.xml; path = Info.plist; sourceTree = "<group>"; };
		58B21A7E1A447686009F0BD4 /* TaskItTests.swift */ = {isa = PBXFileReference; lastKnownFileType = sourcecode.swift; path = TaskItTests.swift; sourceTree = "<group>"; };
		58B21A8A1A448805009F0BD4 /* TaskCell.swift */ = {isa = PBXFileReference; fileEncoding = 4; lastKnownFileType = sourcecode.swift; path = TaskCell.swift; sourceTree = "<group>"; };
/* End PBXFileReference section */

/* Begin PBXFrameworksBuildPhase section */
		58B21A601A447685009F0BD4 /* Frameworks */ = {
			isa = PBXFrameworksBuildPhase;
			buildActionMask = 2147483647;
			files = (
			);
			runOnlyForDeploymentPostprocessing = 0;
		};
		58B21A751A447685009F0BD4 /* Frameworks */ = {
			isa = PBXFrameworksBuildPhase;
			buildActionMask = 2147483647;
			files = (
			);
			runOnlyForDeploymentPostprocessing = 0;
		};
/* End PBXFrameworksBuildPhase section */

/* Begin PBXGroup section */
		58B21A5A1A447685009F0BD4 = {
			isa = PBXGroup;
			children = (
				58B21A8A1A448805009F0BD4 /* TaskCell.swift */,
				58B21A651A447685009F0BD4 /* TaskIt */,
				58B21A7B1A447686009F0BD4 /* TaskItTests */,
				58B21A641A447685009F0BD4 /* Products */,
			);
			sourceTree = "<group>";
		};
		58B21A641A447685009F0BD4 /* Products */ = {
			isa = PBXGroup;
			children = (
				58B21A631A447685009F0BD4 /* TaskIt.app */,
				58B21A781A447685009F0BD4 /* TaskItTests.xctest */,
			);
			name = Products;
			sourceTree = "<group>";
		};
		58B21A651A447685009F0BD4 /* TaskIt */ = {
			isa = PBXGroup;
			children = (
				58B21A681A447685009F0BD4 /* AppDelegate.swift */,
				58B21A6A1A447685009F0BD4 /* ViewController.swift */,
				5839909A1A49CD61006E64D3 /* TaskDetailViewController.swift */,
				583990981A49C8DC006E64D3 /* taskModel.swift */,
				5839909C1A49DD77006E64D3 /* Date.swift */,
				58B21A6C1A447685009F0BD4 /* Main.storyboard */,
				58B21A6F1A447685009F0BD4 /* Images.xcassets */,
				58B21A711A447685009F0BD4 /* LaunchScreen.xib */,
				58B21A661A447685009F0BD4 /* Supporting Files */,
			);
			path = TaskIt;
			sourceTree = "<group>";
		};
		58B21A661A447685009F0BD4 /* Supporting Files */ = {
			isa = PBXGroup;
			children = (
				58B21A671A447685009F0BD4 /* Info.plist */,
			);
			name = "Supporting Files";
			sourceTree = "<group>";
		};
		58B21A7B1A447686009F0BD4 /* TaskItTests */ = {
			isa = PBXGroup;
			children = (
				58B21A7E1A447686009F0BD4 /* TaskItTests.swift */,
				58B21A7C1A447686009F0BD4 /* Supporting Files */,
			);
			path = TaskItTests;
			sourceTree = "<group>";
		};
		58B21A7C1A447686009F0BD4 /* Supporting Files */ = {
			isa = PBXGroup;
			children = (
				58B21A7D1A447686009F0BD4 /* Info.plist */,
			);
			name = "Supporting Files";
			sourceTree = "<group>";
		};
/* End PBXGroup section */

/* Begin PBXNativeTarget section */
		58B21A621A447685009F0BD4 /* TaskIt */ = {
			isa = PBXNativeTarget;
			buildConfigurationList = 58B21A821A447686009F0BD4 /* Build configuration list for PBXNativeTarget "TaskIt" */;
			buildPhases = (
				58B21A5F1A447685009F0BD4 /* Sources */,
				58B21A601A447685009F0BD4 /* Frameworks */,
				58B21A611A447685009F0BD4 /* Resources */,
			);
			buildRules = (
			);
			dependencies = (
			);
			name = TaskIt;
			productName = TaskIt;
			productReference = 58B21A631A447685009F0BD4 /* TaskIt.app */;
			productType = "com.apple.product-type.application";
		};
		58B21A771A447685009F0BD4 /* TaskItTests */ = {
			isa = PBXNativeTarget;
			buildConfigurationList = 58B21A851A447686009F0BD4 /* Build configuration list for PBXNativeTarget "TaskItTests" */;
			buildPhases = (
				58B21A741A447685009F0BD4 /* Sources */,
				58B21A751A447685009F0BD4 /* Frameworks */,
				58B21A761A447685009F0BD4 /* Resources */,
			);
			buildRules = (
			);
			dependencies = (
				58B21A7A1A447685009F0BD4 /* PBXTargetDependency */,
			);
			name = TaskItTests;
			productName = TaskItTests;
			productReference = 58B21A781A447685009F0BD4 /* TaskItTests.xctest */;
			productType = "com.apple.product-type.bundle.unit-test";
		};
/* End PBXNativeTarget section */

/* Begin PBXProject section */
		58B21A5B1A447685009F0BD4 /* Project object */ = {
			isa = PBXProject;
			attributes = {
				LastUpgradeCheck = 0610;
				ORGANIZATIONNAME = "Vincent van Leeuwen";
				TargetAttributes = {
					58B21A621A447685009F0BD4 = {
						CreatedOnToolsVersion = 6.1;
					};
					58B21A771A447685009F0BD4 = {
						CreatedOnToolsVersion = 6.1;
						TestTargetID = 58B21A621A447685009F0BD4;
					};
				};
			};
			buildConfigurationList = 58B21A5E1A447685009F0BD4 /* Build configuration list for PBXProject "TaskIt" */;
			compatibilityVersion = "Xcode 3.2";
			developmentRegion = English;
			hasScannedForEncodings = 0;
			knownRegions = (
				en,
				Base,
			);
			mainGroup = 58B21A5A1A447685009F0BD4;
			productRefGroup = 58B21A641A447685009F0BD4 /* Products */;
			projectDirPath = "";
			projectRoot = "";
			targets = (
				58B21A621A447685009F0BD4 /* TaskIt */,
				58B21A771A447685009F0BD4 /* TaskItTests */,
			);
		};
/* End PBXProject section */

/* Begin PBXResourcesBuildPhase section */
		58B21A611A447685009F0BD4 /* Resources */ = {
			isa = PBXResourcesBuildPhase;
			buildActionMask = 2147483647;
			files = (
				58B21A6E1A447685009F0BD4 /* Main.storyboard in Resources */,
				58B21A731A447685009F0BD4 /* LaunchScreen.xib in Resources */,
				58B21A701A447685009F0BD4 /* Images.xcassets in Resources */,
			);
			runOnlyForDeploymentPostprocessing = 0;
		};
		58B21A761A447685009F0BD4 /* Resources */ = {
			isa = PBXResourcesBuildPhase;
			buildActionMask = 2147483647;
			files = (
			);
			runOnlyForDeploymentPostprocessing = 0;
		};
/* End PBXResourcesBuildPhase section */

/* Begin PBXSourcesBuildPhase section */
		58B21A5F1A447685009F0BD4 /* Sources */ = {
			isa = PBXSourcesBuildPhase;
			buildActionMask = 2147483647;
			files = (
				58B21A6B1A447685009F0BD4 /* ViewController.swift in Sources */,
				5839909D1A49DD77006E64D3 /* Date.swift in Sources */,
				58B21A8B1A448805009F0BD4 /* TaskCell.swift in Sources */,
				583990991A49C8DC006E64D3 /* taskModel.swift in Sources */,
				58B21A691A447685009F0BD4 /* AppDelegate.swift in Sources */,
				5839909B1A49CD61006E64D3 /* TaskDetailViewController.swift in Sources */,
			);
			runOnlyForDeploymentPostprocessing = 0;
		};
		58B21A741A447685009F0BD4 /* Sources */ = {
			isa = PBXSourcesBuildPhase;
			buildActionMask = 2147483647;
			files = (
				58B21A7F1A447686009F0BD4 /* TaskItTests.swift in Sources */,
			);
			runOnlyForDeploymentPostprocessing = 0;
		};
/* End PBXSourcesBuildPhase section */

/* Begin PBXTargetDependency section */
		58B21A7A1A447685009F0BD4 /* PBXTargetDependency */ = {
			isa = PBXTargetDependency;
			target = 58B21A621A447685009F0BD4 /* TaskIt */;
			targetProxy = 58B21A791A447685009F0BD4 /* PBXContainerItemProxy */;
		};
/* End PBXTargetDependency section */

/* Begin PBXVariantGroup section */
		58B21A6C1A447685009F0BD4 /* Main.storyboard */ = {
			isa = PBXVariantGroup;
			children = (
				58B21A6D1A447685009F0BD4 /* Base */,
			);
			name = Main.storyboard;
			sourceTree = "<group>";
		};
		58B21A711A447685009F0BD4 /* LaunchScreen.xib */ = {
			isa = PBXVariantGroup;
			children = (
				58B21A721A447685009F0BD4 /* Base */,
			);
			name = LaunchScreen.xib;
			sourceTree = "<group>";
		};
/* End PBXVariantGroup section */

/* Begin XCBuildConfiguration section */
		58B21A801A447686009F0BD4 /* Debug */ = {
			isa = XCBuildConfiguration;
			buildSettings = {
				ALWAYS_SEARCH_USER_PATHS = NO;
				CLANG_CXX_LANGUAGE_STANDARD = "gnu++0x";
				CLANG_CXX_LIBRARY = "libc++";
				CLANG_ENABLE_MODULES = YES;
				CLANG_ENABLE_OBJC_ARC = YES;
				CLANG_WARN_BOOL_CONVERSION = YES;
				CLANG_WARN_CONSTANT_CONVERSION = YES;
				CLANG_WARN_DIRECT_OBJC_ISA_USAGE = YES_ERROR;
				CLANG_WARN_EMPTY_BODY = YES;
				CLANG_WARN_ENUM_CONVERSION = YES;
				CLANG_WARN_INT_CONVERSION = YES;
				CLANG_WARN_OBJC_ROOT_CLASS = YES_ERROR;
				CLANG_WARN_UNREACHABLE_CODE = YES;
				CLANG_WARN__DUPLICATE_METHOD_MATCH = YES;
				"CODE_SIGN_IDENTITY[sdk=iphoneos*]" = "iPhone Developer";
				COPY_PHASE_STRIP = NO;
				ENABLE_STRICT_OBJC_MSGSEND = YES;
				GCC_C_LANGUAGE_STANDARD = gnu99;
				GCC_DYNAMIC_NO_PIC = NO;
				GCC_OPTIMIZATION_LEVEL = 0;
				GCC_PREPROCESSOR_DEFINITIONS = (
					"DEBUG=1",
					"$(inherited)",
				);
				GCC_SYMBOLS_PRIVATE_EXTERN = NO;
				GCC_WARN_64_TO_32_BIT_CONVERSION = YES;
				GCC_WARN_ABOUT_RETURN_TYPE = YES_ERROR;
				GCC_WARN_UNDECLARED_SELECTOR = YES;
				GCC_WARN_UNINITIALIZED_AUTOS = YES_AGGRESSIVE;
				GCC_WARN_UNUSED_FUNCTION = YES;
				GCC_WARN_UNUSED_VARIABLE = YES;
				IPHONEOS_DEPLOYMENT_TARGET = 8.1;
				MTL_ENABLE_DEBUG_INFO = YES;
				ONLY_ACTIVE_ARCH = YES;
				SDKROOT = iphoneos;
				SWIFT_OPTIMIZATION_LEVEL = "-Onone";
				TARGETED_DEVICE_FAMILY = "1,2";
			};
			name = Debug;
		};
		58B21A811A447686009F0BD4 /* Release */ = {
			isa = XCBuildConfiguration;
			buildSettings = {
				ALWAYS_SEARCH_USER_PATHS = NO;
				CLANG_CXX_LANGUAGE_STANDARD = "gnu++0x";
				CLANG_CXX_LIBRARY = "libc++";
				CLANG_ENABLE_MODULES = YES;
				CLANG_ENABLE_OBJC_ARC = YES;
				CLANG_WARN_BOOL_CONVERSION = YES;
				CLANG_WARN_CONSTANT_CONVERSION = YES;
				CLANG_WARN_DIRECT_OBJC_ISA_USAGE = YES_ERROR;
				CLANG_WARN_EMPTY_BODY = YES;
				CLANG_WARN_ENUM_CONVERSION = YES;
				CLANG_WARN_INT_CONVERSION = YES;
				CLANG_WARN_OBJC_ROOT_CLASS = YES_ERROR;
				CLANG_WARN_UNREACHABLE_CODE = YES;
				CLANG_WARN__DUPLICATE_METHOD_MATCH = YES;
				"CODE_SIGN_IDENTITY[sdk=iphoneos*]" = "iPhone Developer";
				COPY_PHASE_STRIP = YES;
				ENABLE_NS_ASSERTIONS = NO;
				ENABLE_STRICT_OBJC_MSGSEND = YES;
				GCC_C_LANGUAGE_STANDARD = gnu99;
				GCC_WARN_64_TO_32_BIT_CONVERSION = YES;
				GCC_WARN_ABOUT_RETURN_TYPE = YES_ERROR;
				GCC_WARN_UNDECLARED_SELECTOR = YES;
				GCC_WARN_UNINITIALIZED_AUTOS = YES_AGGRESSIVE;
				GCC_WARN_UNUSED_FUNCTION = YES;
				GCC_WARN_UNUSED_VARIABLE = YES;
				IPHONEOS_DEPLOYMENT_TARGET = 8.1;
				MTL_ENABLE_DEBUG_INFO = NO;
				SDKROOT = iphoneos;
				TARGETED_DEVICE_FAMILY = "1,2";
				VALIDATE_PRODUCT = YES;
			};
			name = Release;
		};
		58B21A831A447686009F0BD4 /* Debug */ = {
			isa = XCBuildConfiguration;
			buildSettings = {
				ASSETCATALOG_COMPILER_APPICON_NAME = AppIcon;
				INFOPLIST_FILE = TaskIt/Info.plist;
				LD_RUNPATH_SEARCH_PATHS = "$(inherited) @executable_path/Frameworks";
				PRODUCT_NAME = "$(TARGET_NAME)";
			};
			name = Debug;
		};
		58B21A841A447686009F0BD4 /* Release */ = {
			isa = XCBuildConfiguration;
			buildSettings = {
				ASSETCATALOG_COMPILER_APPICON_NAME = AppIcon;
				INFOPLIST_FILE = TaskIt/Info.plist;
				LD_RUNPATH_SEARCH_PATHS = "$(inherited) @executable_path/Frameworks";
				PRODUCT_NAME = "$(TARGET_NAME)";
			};
			name = Release;
		};
		58B21A861A447686009F0BD4 /* Debug */ = {
			isa = XCBuildConfiguration;
			buildSettings = {
				BUNDLE_LOADER = "$(TEST_HOST)";
				FRAMEWORK_SEARCH_PATHS = (
					"$(SDKROOT)/Developer/Library/Frameworks",
					"$(inherited)",
				);
				GCC_PREPROCESSOR_DEFINITIONS = (
					"DEBUG=1",
					"$(inherited)",
				);
				INFOPLIST_FILE = TaskItTests/Info.plist;
				LD_RUNPATH_SEARCH_PATHS = "$(inherited) @executable_path/Frameworks @loader_path/Frameworks";
				PRODUCT_NAME = "$(TARGET_NAME)";
				TEST_HOST = "$(BUILT_PRODUCTS_DIR)/TaskIt.app/TaskIt";
			};
			name = Debug;
		};
		58B21A871A447686009F0BD4 /* Release */ = {
			isa = XCBuildConfiguration;
			buildSettings = {
				BUNDLE_LOADER = "$(TEST_HOST)";
				FRAMEWORK_SEARCH_PATHS = (
					"$(SDKROOT)/Developer/Library/Frameworks",
					"$(inherited)",
				);
				INFOPLIST_FILE = TaskItTests/Info.plist;
				LD_RUNPATH_SEARCH_PATHS = "$(inherited) @executable_path/Frameworks @loader_path/Frameworks";
				PRODUCT_NAME = "$(TARGET_NAME)";
				TEST_HOST = "$(BUILT_PRODUCTS_DIR)/TaskIt.app/TaskIt";
			};
			name = Release;
		};
/* End XCBuildConfiguration section */

/* Begin XCConfigurationList section */
		58B21A5E1A447685009F0BD4 /* Build configuration list for PBXProject "TaskIt" */ = {
			isa = XCConfigurationList;
			buildConfigurations = (
				58B21A801A447686009F0BD4 /* Debug */,
				58B21A811A447686009F0BD4 /* Release */,
			);
			defaultConfigurationIsVisible = 0;
			defaultConfigurationName = Release;
		};
		58B21A821A447686009F0BD4 /* Build configuration list for PBXNativeTarget "TaskIt" */ = {
			isa = XCConfigurationList;
			buildConfigurations = (
				58B21A831A447686009F0BD4 /* Debug */,
				58B21A841A447686009F0BD4 /* Release */,
			);
			defaultConfigurationIsVisible = 0;
			defaultConfigurationName = Release;
		};
		58B21A851A447686009F0BD4 /* Build configuration list for PBXNativeTarget "TaskItTests" */ = {
			isa = XCConfigurationList;
			buildConfigurations = (
				58B21A861A447686009F0BD4 /* Debug */,
				58B21A871A447686009F0BD4 /* Release */,
			);
			defaultConfigurationIsVisible = 0;
			defaultConfigurationName = Release;
		};
/* End XCConfigurationList section */
	};
	rootObject = 58B21A5B1A447685009F0BD4 /* Project object */;
}
